// !$*UTF8*$!
{
	archiveVersion = 1;
	classes = {
	};
	objectVersion = 50;
	objects = {

/* Begin PBXBuildFile section */
		8A507DBA23DC7DB0003617B2 /* AlertManager.swift in Sources */ = {isa = PBXBuildFile; fileRef = 8A507DB923DC7DB0003617B2 /* AlertManager.swift */; };
		8A77F92923E2176A00A17112 /* MapVC+Ext.swift in Sources */ = {isa = PBXBuildFile; fileRef = 8A77F92823E2176A00A17112 /* MapVC+Ext.swift */; };
		8A77F92C23E2190600A17112 /* NetworkStatus.swift in Sources */ = {isa = PBXBuildFile; fileRef = 8A77F92B23E2190600A17112 /* NetworkStatus.swift */; };
		8A77F92F23E4722100A17112 /* PopupView.swift in Sources */ = {isa = PBXBuildFile; fileRef = 8A77F92E23E4722100A17112 /* PopupView.swift */; };
		8A77F93323E5912600A17112 /* MapVC+LocationManager.swift in Sources */ = {isa = PBXBuildFile; fileRef = 8A77F93223E5912600A17112 /* MapVC+LocationManager.swift */; };
		8A77F93823E8A17B00A17112 /* MapViewModel.swift in Sources */ = {isa = PBXBuildFile; fileRef = 8A77F93723E8A17B00A17112 /* MapViewModel.swift */; };
		8A77F93C23E8A49700A17112 /* MapAnnotationView.swift in Sources */ = {isa = PBXBuildFile; fileRef = 8A77F93B23E8A49700A17112 /* MapAnnotationView.swift */; };
		8A77F94123E9C39400A17112 /* MappAnnotationViewModel.swift in Sources */ = {isa = PBXBuildFile; fileRef = 8A77F94023E9C39400A17112 /* MappAnnotationViewModel.swift */; };
		8A7F796423EC660700C7AB05 /* PopupViewDelegate.swift in Sources */ = {isa = PBXBuildFile; fileRef = 8A7F796323EC660700C7AB05 /* PopupViewDelegate.swift */; };
		8A7F796623EC6F2700C7AB05 /* AboutViewModel.swift in Sources */ = {isa = PBXBuildFile; fileRef = 8A7F796523EC6F2700C7AB05 /* AboutViewModel.swift */; };
		8AC8301123D88F5A00B8C140 /* AppDelegate.swift in Sources */ = {isa = PBXBuildFile; fileRef = 8AC8301023D88F5A00B8C140 /* AppDelegate.swift */; };
		8AC8301323D88F5A00B8C140 /* SceneDelegate.swift in Sources */ = {isa = PBXBuildFile; fileRef = 8AC8301223D88F5A00B8C140 /* SceneDelegate.swift */; };
		8AC8301823D88F5A00B8C140 /* Main.storyboard in Resources */ = {isa = PBXBuildFile; fileRef = 8AC8301623D88F5A00B8C140 /* Main.storyboard */; };
		8AC8301A23D88F5D00B8C140 /* Assets.xcassets in Resources */ = {isa = PBXBuildFile; fileRef = 8AC8301923D88F5D00B8C140 /* Assets.xcassets */; };
		8AC8301D23D88F5D00B8C140 /* LaunchScreen.storyboard in Resources */ = {isa = PBXBuildFile; fileRef = 8AC8301B23D88F5D00B8C140 /* LaunchScreen.storyboard */; };
		8AC8302623D8913600B8C140 /* MainMenuVC.swift in Sources */ = {isa = PBXBuildFile; fileRef = 8AC8302523D8913600B8C140 /* MainMenuVC.swift */; };
		8AC8302923D89B3B00B8C140 /* MapVC.swift in Sources */ = {isa = PBXBuildFile; fileRef = 8AC8302823D89B3B00B8C140 /* MapVC.swift */; };
		8AC8302D23DB392600B8C140 /* AboutVC.swift in Sources */ = {isa = PBXBuildFile; fileRef = 8AC8302C23DB392600B8C140 /* AboutVC.swift */; };
		8AC8303623DB414C00B8C140 /* NSAttributedString+Ext.swift in Sources */ = {isa = PBXBuildFile; fileRef = 8AC8303523DB414C00B8C140 /* NSAttributedString+Ext.swift */; };
		8ACCD5B023E9E83B0014E514 /* PopUpViewModel.swift in Sources */ = {isa = PBXBuildFile; fileRef = 8ACCD5AF23E9E83B0014E514 /* PopUpViewModel.swift */; };
		8ACCD5B223EB1CA30014E514 /* MainMenuViewModel.swift in Sources */ = {isa = PBXBuildFile; fileRef = 8ACCD5B123EB1CA30014E514 /* MainMenuViewModel.swift */; };
/* End PBXBuildFile section */

/* Begin PBXFileReference section */
		8A507DB923DC7DB0003617B2 /* AlertManager.swift */ = {isa = PBXFileReference; lastKnownFileType = sourcecode.swift; path = AlertManager.swift; sourceTree = "<group>"; };
		8A77F92823E2176A00A17112 /* MapVC+Ext.swift */ = {isa = PBXFileReference; lastKnownFileType = sourcecode.swift; path = "MapVC+Ext.swift"; sourceTree = "<group>"; };
		8A77F92B23E2190600A17112 /* NetworkStatus.swift */ = {isa = PBXFileReference; lastKnownFileType = sourcecode.swift; path = NetworkStatus.swift; sourceTree = "<group>"; };
		8A77F92E23E4722100A17112 /* PopupView.swift */ = {isa = PBXFileReference; lastKnownFileType = sourcecode.swift; path = PopupView.swift; sourceTree = "<group>"; };
		8A77F93223E5912600A17112 /* MapVC+LocationManager.swift */ = {isa = PBXFileReference; lastKnownFileType = sourcecode.swift; path = "MapVC+LocationManager.swift"; sourceTree = "<group>"; };
		8A77F93723E8A17B00A17112 /* MapViewModel.swift */ = {isa = PBXFileReference; lastKnownFileType = sourcecode.swift; path = MapViewModel.swift; sourceTree = "<group>"; };
		8A77F93B23E8A49700A17112 /* MapAnnotationView.swift */ = {isa = PBXFileReference; lastKnownFileType = sourcecode.swift; path = MapAnnotationView.swift; sourceTree = "<group>"; };
		8A77F94023E9C39400A17112 /* MappAnnotationViewModel.swift */ = {isa = PBXFileReference; lastKnownFileType = sourcecode.swift; path = MappAnnotationViewModel.swift; sourceTree = "<group>"; };
		8A7F796323EC660700C7AB05 /* PopupViewDelegate.swift */ = {isa = PBXFileReference; lastKnownFileType = sourcecode.swift; path = PopupViewDelegate.swift; sourceTree = "<group>"; };
		8A7F796523EC6F2700C7AB05 /* AboutViewModel.swift */ = {isa = PBXFileReference; lastKnownFileType = sourcecode.swift; path = AboutViewModel.swift; sourceTree = "<group>"; };
		8AC8300D23D88F5A00B8C140 /* RSR Pechhulp.app */ = {isa = PBXFileReference; explicitFileType = wrapper.application; includeInIndex = 0; path = "RSR Pechhulp.app"; sourceTree = BUILT_PRODUCTS_DIR; };
		8AC8301023D88F5A00B8C140 /* AppDelegate.swift */ = {isa = PBXFileReference; lastKnownFileType = sourcecode.swift; path = AppDelegate.swift; sourceTree = "<group>"; };
		8AC8301223D88F5A00B8C140 /* SceneDelegate.swift */ = {isa = PBXFileReference; lastKnownFileType = sourcecode.swift; path = SceneDelegate.swift; sourceTree = "<group>"; };
		8AC8301723D88F5A00B8C140 /* Base */ = {isa = PBXFileReference; lastKnownFileType = file.storyboard; name = Base; path = Base.lproj/Main.storyboard; sourceTree = "<group>"; };
		8AC8301923D88F5D00B8C140 /* Assets.xcassets */ = {isa = PBXFileReference; lastKnownFileType = folder.assetcatalog; path = Assets.xcassets; sourceTree = "<group>"; };
		8AC8301C23D88F5D00B8C140 /* Base */ = {isa = PBXFileReference; lastKnownFileType = file.storyboard; name = Base; path = Base.lproj/LaunchScreen.storyboard; sourceTree = "<group>"; };
		8AC8301E23D88F5D00B8C140 /* Info.plist */ = {isa = PBXFileReference; lastKnownFileType = text.plist.xml; path = Info.plist; sourceTree = "<group>"; };
		8AC8302523D8913600B8C140 /* MainMenuVC.swift */ = {isa = PBXFileReference; lastKnownFileType = sourcecode.swift; path = MainMenuVC.swift; sourceTree = "<group>"; };
		8AC8302823D89B3B00B8C140 /* MapVC.swift */ = {isa = PBXFileReference; lastKnownFileType = sourcecode.swift; path = MapVC.swift; sourceTree = "<group>"; };
		8AC8302C23DB392600B8C140 /* AboutVC.swift */ = {isa = PBXFileReference; lastKnownFileType = sourcecode.swift; path = AboutVC.swift; sourceTree = "<group>"; };
		8AC8303523DB414C00B8C140 /* NSAttributedString+Ext.swift */ = {isa = PBXFileReference; lastKnownFileType = sourcecode.swift; path = "NSAttributedString+Ext.swift"; sourceTree = "<group>"; };
		8ACCD5AF23E9E83B0014E514 /* PopUpViewModel.swift */ = {isa = PBXFileReference; lastKnownFileType = sourcecode.swift; path = PopUpViewModel.swift; sourceTree = "<group>"; };
		8ACCD5B123EB1CA30014E514 /* MainMenuViewModel.swift */ = {isa = PBXFileReference; lastKnownFileType = sourcecode.swift; path = MainMenuViewModel.swift; sourceTree = "<group>"; };
/* End PBXFileReference section */

/* Begin PBXFrameworksBuildPhase section */
		8AC8300A23D88F5A00B8C140 /* Frameworks */ = {
			isa = PBXFrameworksBuildPhase;
			buildActionMask = 2147483647;
			files = (
			);
			runOnlyForDeploymentPostprocessing = 0;
		};
/* End PBXFrameworksBuildPhase section */

/* Begin PBXGroup section */
		8A507DB823DC7DA5003617B2 /* Managers */ = {
			isa = PBXGroup;
			children = (
				8A507DB923DC7DB0003617B2 /* AlertManager.swift */,
			);
			path = Managers;
			sourceTree = "<group>";
		};
		8A77F92A23E218FE00A17112 /* Model */ = {
			isa = PBXGroup;
			children = (
				8A77F92B23E2190600A17112 /* NetworkStatus.swift */,
			);
			path = Model;
			sourceTree = "<group>";
		};
		8A77F92D23E4720C00A17112 /* Views */ = {
			isa = PBXGroup;
			children = (
				8A77F92E23E4722100A17112 /* PopupView.swift */,
				8A77F93B23E8A49700A17112 /* MapAnnotationView.swift */,
			);
			path = Views;
			sourceTree = "<group>";
		};
		8A77F93623E8A16B00A17112 /* Map */ = {
			isa = PBXGroup;
			children = (
				8A7F796223EC65EC00C7AB05 /* Protocols */,
				8AC8302823D89B3B00B8C140 /* MapVC.swift */,
				8A77F93723E8A17B00A17112 /* MapViewModel.swift */,
			);
			path = Map;
			sourceTree = "<group>";
		};
		8A77F93D23E9C26200A17112 /* Main Menu */ = {
			isa = PBXGroup;
			children = (
				8AC8302523D8913600B8C140 /* MainMenuVC.swift */,
				8ACCD5B123EB1CA30014E514 /* MainMenuViewModel.swift */,
			);
			path = "Main Menu";
			sourceTree = "<group>";
		};
		8A77F93E23E9C26900A17112 /* About */ = {
			isa = PBXGroup;
			children = (
				8AC8302C23DB392600B8C140 /* AboutVC.swift */,
				8A7F796523EC6F2700C7AB05 /* AboutViewModel.swift */,
			);
			path = About;
			sourceTree = "<group>";
		};
		8A77F93F23E9C37C00A17112 /* ViewModels */ = {
			isa = PBXGroup;
			children = (
				8A77F94023E9C39400A17112 /* MappAnnotationViewModel.swift */,
				8ACCD5AF23E9E83B0014E514 /* PopUpViewModel.swift */,
			);
			path = ViewModels;
			sourceTree = "<group>";
		};
		8A7F796223EC65EC00C7AB05 /* Protocols */ = {
			isa = PBXGroup;
			children = (
				8A7F796323EC660700C7AB05 /* PopupViewDelegate.swift */,
			);
			path = Protocols;
			sourceTree = "<group>";
		};
		8AC8300423D88F5A00B8C140 = {
			isa = PBXGroup;
			children = (
				8AC8300F23D88F5A00B8C140 /* RSR Pechhulp */,
				8AC8301E23D88F5D00B8C140 /* Info.plist */,
				8AC8300E23D88F5A00B8C140 /* Products */,
			);
			sourceTree = "<group>";
		};
		8AC8300E23D88F5A00B8C140 /* Products */ = {
			isa = PBXGroup;
			children = (
				8AC8300D23D88F5A00B8C140 /* RSR Pechhulp.app */,
			);
			name = Products;
			sourceTree = "<group>";
		};
		8AC8300F23D88F5A00B8C140 /* RSR Pechhulp */ = {
			isa = PBXGroup;
			children = (
				8A77F93D23E9C26200A17112 /* Main Menu */,
				8A77F93623E8A16B00A17112 /* Map */,
				8A77F93E23E9C26900A17112 /* About */,
				8A77F93F23E9C37C00A17112 /* ViewModels */,
				8A77F92D23E4720C00A17112 /* Views */,
				8A77F92A23E218FE00A17112 /* Model */,
				8A507DB823DC7DA5003617B2 /* Managers */,
				8AC8303423DB413500B8C140 /* Extensions */,
				8AC8302423D88F6200B8C140 /* Support */,
			);
			path = "RSR Pechhulp";
			sourceTree = "<group>";
		};
		8AC8302423D88F6200B8C140 /* Support */ = {
			isa = PBXGroup;
			children = (
				8AC8301023D88F5A00B8C140 /* AppDelegate.swift */,
				8AC8301223D88F5A00B8C140 /* SceneDelegate.swift */,
				8AC8301623D88F5A00B8C140 /* Main.storyboard */,
				8AC8301923D88F5D00B8C140 /* Assets.xcassets */,
				8AC8301B23D88F5D00B8C140 /* LaunchScreen.storyboard */,
			);
			path = Support;
			sourceTree = "<group>";
		};
		8AC8303423DB413500B8C140 /* Extensions */ = {
			isa = PBXGroup;
			children = (
				8AC8303523DB414C00B8C140 /* NSAttributedString+Ext.swift */,
				8A77F92823E2176A00A17112 /* MapVC+Ext.swift */,
				8A77F93223E5912600A17112 /* MapVC+LocationManager.swift */,
			);
			path = Extensions;
			sourceTree = "<group>";
		};
/* End PBXGroup section */

/* Begin PBXNativeTarget section */
		8AC8300C23D88F5A00B8C140 /* RSR Pechhulp */ = {
			isa = PBXNativeTarget;
			buildConfigurationList = 8AC8302123D88F5D00B8C140 /* Build configuration list for PBXNativeTarget "RSR Pechhulp" */;
			buildPhases = (
				8AC8300923D88F5A00B8C140 /* Sources */,
				8AC8300A23D88F5A00B8C140 /* Frameworks */,
				8AC8300B23D88F5A00B8C140 /* Resources */,
			);
			buildRules = (
			);
			dependencies = (
			);
			name = "RSR Pechhulp";
			productName = "RSR Pechhulp";
			productReference = 8AC8300D23D88F5A00B8C140 /* RSR Pechhulp.app */;
			productType = "com.apple.product-type.application";
		};
/* End PBXNativeTarget section */

/* Begin PBXProject section */
		8AC8300523D88F5A00B8C140 /* Project object */ = {
			isa = PBXProject;
			attributes = {
				LastSwiftUpdateCheck = 1130;
				LastUpgradeCheck = 1130;
				ORGANIZATIONNAME = "Karim Cordilia";
				TargetAttributes = {
					8AC8300C23D88F5A00B8C140 = {
						CreatedOnToolsVersion = 11.3;
					};
				};
			};
			buildConfigurationList = 8AC8300823D88F5A00B8C140 /* Build configuration list for PBXProject "RSR Pechhulp" */;
			compatibilityVersion = "Xcode 9.3";
			developmentRegion = en;
			hasScannedForEncodings = 0;
			knownRegions = (
				en,
				Base,
			);
			mainGroup = 8AC8300423D88F5A00B8C140;
			productRefGroup = 8AC8300E23D88F5A00B8C140 /* Products */;
			projectDirPath = "";
			projectRoot = "";
			targets = (
				8AC8300C23D88F5A00B8C140 /* RSR Pechhulp */,
			);
		};
/* End PBXProject section */

/* Begin PBXResourcesBuildPhase section */
		8AC8300B23D88F5A00B8C140 /* Resources */ = {
			isa = PBXResourcesBuildPhase;
			buildActionMask = 2147483647;
			files = (
				8AC8301D23D88F5D00B8C140 /* LaunchScreen.storyboard in Resources */,
				8AC8301A23D88F5D00B8C140 /* Assets.xcassets in Resources */,
				8AC8301823D88F5A00B8C140 /* Main.storyboard in Resources */,
			);
			runOnlyForDeploymentPostprocessing = 0;
		};
/* End PBXResourcesBuildPhase section */

/* Begin PBXSourcesBuildPhase section */
		8AC8300923D88F5A00B8C140 /* Sources */ = {
			isa = PBXSourcesBuildPhase;
			buildActionMask = 2147483647;
			files = (
				8ACCD5B223EB1CA30014E514 /* MainMenuViewModel.swift in Sources */,
				8A77F93C23E8A49700A17112 /* MapAnnotationView.swift in Sources */,
				8A77F92923E2176A00A17112 /* MapVC+Ext.swift in Sources */,
				8A77F92F23E4722100A17112 /* PopupView.swift in Sources */,
				8AC8301123D88F5A00B8C140 /* AppDelegate.swift in Sources */,
				8A7F796423EC660700C7AB05 /* PopupViewDelegate.swift in Sources */,
				8AC8302D23DB392600B8C140 /* AboutVC.swift in Sources */,
				8A77F93823E8A17B00A17112 /* MapViewModel.swift in Sources */,
				8A7F796623EC6F2700C7AB05 /* AboutViewModel.swift in Sources */,
				8A77F94123E9C39400A17112 /* MappAnnotationViewModel.swift in Sources */,
				8A77F93323E5912600A17112 /* MapVC+LocationManager.swift in Sources */,
				8AC8302923D89B3B00B8C140 /* MapVC.swift in Sources */,
				8A77F92C23E2190600A17112 /* NetworkStatus.swift in Sources */,
				8AC8303623DB414C00B8C140 /* NSAttributedString+Ext.swift in Sources */,
				8AC8301323D88F5A00B8C140 /* SceneDelegate.swift in Sources */,
				8AC8302623D8913600B8C140 /* MainMenuVC.swift in Sources */,
				8A507DBA23DC7DB0003617B2 /* AlertManager.swift in Sources */,
				8ACCD5B023E9E83B0014E514 /* PopUpViewModel.swift in Sources */,
			);
			runOnlyForDeploymentPostprocessing = 0;
		};
/* End PBXSourcesBuildPhase section */

/* Begin PBXVariantGroup section */
		8AC8301623D88F5A00B8C140 /* Main.storyboard */ = {
			isa = PBXVariantGroup;
			children = (
				8AC8301723D88F5A00B8C140 /* Base */,
			);
			name = Main.storyboard;
			sourceTree = "<group>";
		};
		8AC8301B23D88F5D00B8C140 /* LaunchScreen.storyboard */ = {
			isa = PBXVariantGroup;
			children = (
				8AC8301C23D88F5D00B8C140 /* Base */,
			);
			name = LaunchScreen.storyboard;
			sourceTree = "<group>";
		};
/* End PBXVariantGroup section */

/* Begin XCBuildConfiguration section */
		8AC8301F23D88F5D00B8C140 /* Debug */ = {
			isa = XCBuildConfiguration;
			buildSettings = {
				ALWAYS_SEARCH_USER_PATHS = NO;
				CLANG_ANALYZER_NONNULL = YES;
				CLANG_ANALYZER_NUMBER_OBJECT_CONVERSION = YES_AGGRESSIVE;
				CLANG_CXX_LANGUAGE_STANDARD = "gnu++14";
				CLANG_CXX_LIBRARY = "libc++";
				CLANG_ENABLE_MODULES = YES;
				CLANG_ENABLE_OBJC_ARC = YES;
				CLANG_ENABLE_OBJC_WEAK = YES;
				CLANG_WARN_BLOCK_CAPTURE_AUTORELEASING = YES;
				CLANG_WARN_BOOL_CONVERSION = YES;
				CLANG_WARN_COMMA = YES;
				CLANG_WARN_CONSTANT_CONVERSION = YES;
				CLANG_WARN_DEPRECATED_OBJC_IMPLEMENTATIONS = YES;
				CLANG_WARN_DIRECT_OBJC_ISA_USAGE = YES_ERROR;
				CLANG_WARN_DOCUMENTATION_COMMENTS = YES;
				CLANG_WARN_EMPTY_BODY = YES;
				CLANG_WARN_ENUM_CONVERSION = YES;
				CLANG_WARN_INFINITE_RECURSION = YES;
				CLANG_WARN_INT_CONVERSION = YES;
				CLANG_WARN_NON_LITERAL_NULL_CONVERSION = YES;
				CLANG_WARN_OBJC_IMPLICIT_RETAIN_SELF = YES;
				CLANG_WARN_OBJC_LITERAL_CONVERSION = YES;
				CLANG_WARN_OBJC_ROOT_CLASS = YES_ERROR;
				CLANG_WARN_RANGE_LOOP_ANALYSIS = YES;
				CLANG_WARN_STRICT_PROTOTYPES = YES;
				CLANG_WARN_SUSPICIOUS_MOVE = YES;
				CLANG_WARN_UNGUARDED_AVAILABILITY = YES_AGGRESSIVE;
				CLANG_WARN_UNREACHABLE_CODE = YES;
				CLANG_WARN__DUPLICATE_METHOD_MATCH = YES;
				COPY_PHASE_STRIP = NO;
				DEBUG_INFORMATION_FORMAT = dwarf;
				ENABLE_STRICT_OBJC_MSGSEND = YES;
				ENABLE_TESTABILITY = YES;
				GCC_C_LANGUAGE_STANDARD = gnu11;
				GCC_DYNAMIC_NO_PIC = NO;
				GCC_NO_COMMON_BLOCKS = YES;
				GCC_OPTIMIZATION_LEVEL = 0;
				GCC_PREPROCESSOR_DEFINITIONS = (
					"DEBUG=1",
					"$(inherited)",
				);
				GCC_WARN_64_TO_32_BIT_CONVERSION = YES;
				GCC_WARN_ABOUT_RETURN_TYPE = YES_ERROR;
				GCC_WARN_UNDECLARED_SELECTOR = YES;
				GCC_WARN_UNINITIALIZED_AUTOS = YES_AGGRESSIVE;
				GCC_WARN_UNUSED_FUNCTION = YES;
				GCC_WARN_UNUSED_VARIABLE = YES;
				IPHONEOS_DEPLOYMENT_TARGET = 13.2;
				MTL_ENABLE_DEBUG_INFO = INCLUDE_SOURCE;
				MTL_FAST_MATH = YES;
				ONLY_ACTIVE_ARCH = YES;
				SDKROOT = iphoneos;
				SWIFT_ACTIVE_COMPILATION_CONDITIONS = DEBUG;
				SWIFT_OPTIMIZATION_LEVEL = "-Onone";
			};
			name = Debug;
		};
		8AC8302023D88F5D00B8C140 /* Release */ = {
			isa = XCBuildConfiguration;
			buildSettings = {
				ALWAYS_SEARCH_USER_PATHS = NO;
				CLANG_ANALYZER_NONNULL = YES;
				CLANG_ANALYZER_NUMBER_OBJECT_CONVERSION = YES_AGGRESSIVE;
				CLANG_CXX_LANGUAGE_STANDARD = "gnu++14";
				CLANG_CXX_LIBRARY = "libc++";
				CLANG_ENABLE_MODULES = YES;
				CLANG_ENABLE_OBJC_ARC = YES;
				CLANG_ENABLE_OBJC_WEAK = YES;
				CLANG_WARN_BLOCK_CAPTURE_AUTORELEASING = YES;
				CLANG_WARN_BOOL_CONVERSION = YES;
				CLANG_WARN_COMMA = YES;
				CLANG_WARN_CONSTANT_CONVERSION = YES;
				CLANG_WARN_DEPRECATED_OBJC_IMPLEMENTATIONS = YES;
				CLANG_WARN_DIRECT_OBJC_ISA_USAGE = YES_ERROR;
				CLANG_WARN_DOCUMENTATION_COMMENTS = YES;
				CLANG_WARN_EMPTY_BODY = YES;
				CLANG_WARN_ENUM_CONVERSION = YES;
				CLANG_WARN_INFINITE_RECURSION = YES;
				CLANG_WARN_INT_CONVERSION = YES;
				CLANG_WARN_NON_LITERAL_NULL_CONVERSION = YES;
				CLANG_WARN_OBJC_IMPLICIT_RETAIN_SELF = YES;
				CLANG_WARN_OBJC_LITERAL_CONVERSION = YES;
				CLANG_WARN_OBJC_ROOT_CLASS = YES_ERROR;
				CLANG_WARN_RANGE_LOOP_ANALYSIS = YES;
				CLANG_WARN_STRICT_PROTOTYPES = YES;
				CLANG_WARN_SUSPICIOUS_MOVE = YES;
				CLANG_WARN_UNGUARDED_AVAILABILITY = YES_AGGRESSIVE;
				CLANG_WARN_UNREACHABLE_CODE = YES;
				CLANG_WARN__DUPLICATE_METHOD_MATCH = YES;
				COPY_PHASE_STRIP = NO;
				DEBUG_INFORMATION_FORMAT = "dwarf-with-dsym";
				ENABLE_NS_ASSERTIONS = NO;
				ENABLE_STRICT_OBJC_MSGSEND = YES;
				GCC_C_LANGUAGE_STANDARD = gnu11;
				GCC_NO_COMMON_BLOCKS = YES;
				GCC_WARN_64_TO_32_BIT_CONVERSION = YES;
				GCC_WARN_ABOUT_RETURN_TYPE = YES_ERROR;
				GCC_WARN_UNDECLARED_SELECTOR = YES;
				GCC_WARN_UNINITIALIZED_AUTOS = YES_AGGRESSIVE;
				GCC_WARN_UNUSED_FUNCTION = YES;
				GCC_WARN_UNUSED_VARIABLE = YES;
				IPHONEOS_DEPLOYMENT_TARGET = 13.2;
				MTL_ENABLE_DEBUG_INFO = NO;
				MTL_FAST_MATH = YES;
				SDKROOT = iphoneos;
				SWIFT_COMPILATION_MODE = wholemodule;
				SWIFT_OPTIMIZATION_LEVEL = "-O";
				VALIDATE_PRODUCT = YES;
			};
			name = Release;
		};
		8AC8302223D88F5D00B8C140 /* Debug */ = {
			isa = XCBuildConfiguration;
			buildSettings = {
				ASSETCATALOG_COMPILER_APPICON_NAME = AppIcon;
				CODE_SIGN_STYLE = Automatic;
				DEVELOPMENT_TEAM = D99Z26P27B;
				INFOPLIST_FILE = "$(SRCROOT)/Info.plist";
				IPHONEOS_DEPLOYMENT_TARGET = 13.2;
				LD_RUNPATH_SEARCH_PATHS = (
					"$(inherited)",
					"@executable_path/Frameworks",
				);
				PRODUCT_BUNDLE_IDENTIFIER = "com.karimcordilia.RSR-Pechhulp";
				PRODUCT_NAME = "$(TARGET_NAME)";
				SWIFT_VERSION = 5.0;
				TARGETED_DEVICE_FAMILY = "1,2";
			};
			name = Debug;
		};
		8AC8302323D88F5D00B8C140 /* Release */ = {
			isa = XCBuildConfiguration;
			buildSettings = {
				ASSETCATALOG_COMPILER_APPICON_NAME = AppIcon;
				CODE_SIGN_STYLE = Automatic;
				DEVELOPMENT_TEAM = D99Z26P27B;
				INFOPLIST_FILE = "$(SRCROOT)/Info.plist";
				IPHONEOS_DEPLOYMENT_TARGET = 13.2;
				LD_RUNPATH_SEARCH_PATHS = (
					"$(inherited)",
					"@executable_path/Frameworks",
				);
				PRODUCT_BUNDLE_IDENTIFIER = "com.karimcordilia.RSR-Pechhulp";
				PRODUCT_NAME = "$(TARGET_NAME)";
				SWIFT_VERSION = 5.0;
				TARGETED_DEVICE_FAMILY = "1,2";
			};
			name = Release;
		};
/* End XCBuildConfiguration section */

/* Begin XCConfigurationList section */
		8AC8300823D88F5A00B8C140 /* Build configuration list for PBXProject "RSR Pechhulp" */ = {
			isa = XCConfigurationList;
			buildConfigurations = (
				8AC8301F23D88F5D00B8C140 /* Debug */,
				8AC8302023D88F5D00B8C140 /* Release */,
			);
			defaultConfigurationIsVisible = 0;
			defaultConfigurationName = Release;
		};
		8AC8302123D88F5D00B8C140 /* Build configuration list for PBXNativeTarget "RSR Pechhulp" */ = {
			isa = XCConfigurationList;
			buildConfigurations = (
				8AC8302223D88F5D00B8C140 /* Debug */,
				8AC8302323D88F5D00B8C140 /* Release */,
			);
			defaultConfigurationIsVisible = 0;
			defaultConfigurationName = Release;
		};
/* End XCConfigurationList section */
	};
	rootObject = 8AC8300523D88F5A00B8C140 /* Project object */;
}
